{
  "version": 4,
  "terraform_version": "0.13.3",
  "serial": 545,
  "lineage": "44684415-b7db-15b0-2a79-1e891d8af291",
  "outputs": {},
  "resources": [
    {
      "mode": "data",
      "type": "archive_file",
      "name": "lambda_result",
      "provider": "provider[\"registry.terraform.io/hashicorp/archive\"]",
      "instances": [
        {
          "schema_version": 0,
          "attributes": {
            "excludes": null,
            "id": "3c653a68e84871e4d7fefbbc80b8b4f2ed1f7b1c",
            "output_base64sha256": "L+Uirmn6m2mteaqjDJoUf79lgQDrSNy9FW+ZpzKmNXE=",
            "output_md5": "f1038da87c9e54336dbc1d3bfffb2069",
            "output_path": "lambda-result.zip",
            "output_sha": "3c653a68e84871e4d7fefbbc80b8b4f2ed1f7b1c",
            "output_size": 180,
            "source": [],
            "source_content": null,
            "source_content_filename": null,
            "source_dir": "./lambda-result",
            "source_file": null,
            "type": "zip"
          }
        }
      ]
    },
    {
      "mode": "data",
      "type": "archive_file",
      "name": "lambda_submit",
      "provider": "provider[\"registry.terraform.io/hashicorp/archive\"]",
      "instances": [
        {
          "schema_version": 0,
          "attributes": {
            "excludes": null,
            "id": "bcf29459eb8b8427c87249b772ab8e5d28cab80e",
            "output_base64sha256": "foF6WwL/gR9BJodvoXgtrjj373wSm4lhztvdGkz42Iw=",
            "output_md5": "72a5d0a0b11b097b833dbd610ef6e187",
            "output_path": "lambda-submit.zip",
            "output_sha": "bcf29459eb8b8427c87249b772ab8e5d28cab80e",
            "output_size": 370,
            "source": [],
            "source_content": null,
            "source_content_filename": null,
            "source_dir": "./lambda-submit",
            "source_file": null,
            "type": "zip"
          }
        }
      ]
    },
    {
      "mode": "managed",
      "type": "local_file",
      "name": "to_result",
      "provider": "provider[\"registry.terraform.io/hashicorp/local\"]",
      "instances": [
        {
          "index_key": 0,
          "schema_version": 0,
          "attributes": {
            "content": "def joe:\n    if x = 1:\n        print(jodddde)",
            "content_base64": null,
            "directory_permission": "0777",
            "file_permission": "0777",
            "filename": "./lambda-result/ejemplo3.py",
            "id": "188d5d8384faa306c244d3e5ef9ac71823063365",
            "sensitive_content": null,
            "source": null
          },
          "private": "bnVsbA=="
        }
      ]
    },
    {
      "mode": "managed",
      "type": "local_file",
      "name": "to_submit",
      "provider": "provider[\"registry.terraform.io/hashicorp/local\"]",
      "instances": [
        {
          "index_key": 0,
          "schema_version": 0,
          "attributes": {
            "content": "def joe:\n    if x = 1:\n        print(joe)\n\n\n\n\n\n        deberia aparecer esto\n        y esto",
            "content_base64": null,
            "directory_permission": "0777",
            "file_permission": "0777",
            "filename": "./lambda-submit/ejemplo1.py",
            "id": "2b2fc759f721a9b34e6376028616f55ccc2b14e4",
            "sensitive_content": null,
            "source": null
          },
          "private": "bnVsbA=="
        },
        {
          "index_key": 1,
          "schema_version": 0,
          "attributes": {
            "content": "def joe:\n    if x = 1:\n        print(joeee)\n        y esto",
            "content_base64": null,
            "directory_permission": "0777",
            "file_permission": "0777",
            "filename": "./lambda-submit/ejemplo2.py",
            "id": "a8f9ec211d181cf707ab564bb7b5fd771729fb85",
            "sensitive_content": null,
            "source": null
          },
          "private": "bnVsbA=="
        }
      ]
    }
  ]
}
